<Solution>
  <Project Path="../../../../../../../../source/repos/ProgrammingExercises/POO/Ex001/Ex001.csproj" Id="c287ae6e-ec19-4814-804b-5224dd7c26df" />
  <Project Path="../../../../../../../../source/repos/ProgrammingExercises/POO/Ex002/Ex002.csproj" Id="5dcc727d-bace-4100-8792-2857f920d960" />
  <Project Path="../../../../../../../../source/repos/ProgrammingExercises/POO/Ex003/Ex003.csproj" Id="ef270e94-8a4d-4132-8906-00ca417c70de" />
  <Project Path="../../../../../../../../source/repos/ProgrammingExercises/POO/Ex004/Ex004.csproj" Id="148ea48c-bbdc-4b1d-9440-8e69b804f53b" />
  <Project Path="../../../../../../source/repos/ProgrammingExercises/POO/Ex005/Ex005.csproj" Id="25acd3be-9103-4dd2-9052-d208877318b9" />
  <Project Path="../../../../../../source/repos/ProgrammingExercises/POO/Ex006/Ex006.csproj" Id="7fc329a7-fc0b-4a5f-a63d-d1422f49dc81" />
  <Project Path="../../../../../../source/repos/ProgrammingExercises/POO/Ex007/Ex007.csproj" Id="62cec7b8-34a0-4314-9898-e965441d62e1" />
  <Project Path="../../../../../../source/repos/ProgrammingExercises/POO/Ex008/Ex008.csproj" Id="4a7051a4-4301-4712-912d-dfdc5dfbb6b8" />
  <Project Path="../../../../../../source/repos/ProgrammingExercises/POO/Ex009/Ex009.csproj" Id="17a958da-8396-4d7c-b5e4-e1bc12a0a758" />
</Solution>
